
Microsoft Visual Studio Solution File, Format Version 12.00
# Visual Studio 14
VisualStudioVersion = 14.0.25420.1
MinimumVisualStudioVersion = 10.0.40219.1
Project("{FAE04EC0-301F-11D3-BF4B-00C04F79EFBC}") = "Navipro.Backoffice.Web", "Navipro.Backoffice.Web\Navipro.Backoffice.Web.csproj", "{A5859E0E-3C08-4045-B8DC-B3FB13655B00}"
EndProject
Project("{00D1A9C2-B5F0-4AF3-8072-F6C62B433612}") = "CaseMasterResources", "CaseMasterResources\CaseMasterResources.sqlproj", "{E3E023E5-AFEA-40E0-9EC7-56781FDA1539}"
EndProject
Global
	GlobalSection(SolutionConfigurationPlatforms) = preSolution
		Debug|Any CPU = Debug|Any CPU
		Release|Any CPU = Release|Any CPU
	EndGlobalSection
	GlobalSection(ProjectConfigurationPlatforms) = postSolution
		{A5859E0E-3C08-4045-B8DC-B3FB13655B00}.Debug|Any CPU.ActiveCfg = Debug|Any CPU
		{A5859E0E-3C08-4045-B8DC-B3FB13655B00}.Debug|Any CPU.Build.0 = Debug|Any CPU
		{A5859E0E-3C08-4045-B8DC-B3FB13655B00}.Release|Any CPU.ActiveCfg = Release|Any CPU
		{A5859E0E-3C08-4045-B8DC-B3FB13655B00}.Release|Any CPU.Build.0 = Release|Any CPU
		{E3E023E5-AFEA-40E0-9EC7-56781FDA1539}.Debug|Any CPU.ActiveCfg = Debug|Any CPU
		{E3E023E5-AFEA-40E0-9EC7-56781FDA1539}.Debug|Any CPU.Build.0 = Debug|Any CPU
		{E3E023E5-AFEA-40E0-9EC7-56781FDA1539}.Debug|Any CPU.Deploy.0 = Debug|Any CPU
		{E3E023E5-AFEA-40E0-9EC7-56781FDA1539}.Release|Any CPU.ActiveCfg = Release|Any CPU
		{E3E023E5-AFEA-40E0-9EC7-56781FDA1539}.Release|Any CPU.Build.0 = Release|Any CPU
		{E3E023E5-AFEA-40E0-9EC7-56781FDA1539}.Release|Any CPU.Deploy.0 = Release|Any CPU
	EndGlobalSection
	GlobalSection(SolutionProperties) = preSolution
		HideSolutionNode = FALSE
	EndGlobalSection
EndGlobal
