
Microsoft Visual Studio Solution File, Format Version 10.00
# Visual Studio 2008
Project("{FAE04EC0-301F-11D3-BF4B-00C04F79EFBC}") = "Navipro.SFTPWrapper", "Navipro.SFTPWrapper\Navipro.SFTPWrapper.csproj", "{21079001-4072-49F3-9EAB-946D4AB4DF2E}"
EndProject
Global
	GlobalSection(SolutionConfigurationPlatforms) = preSolution
		Debug|Any CPU = Debug|Any CPU
		Release|Any CPU = Release|Any CPU
	EndGlobalSection
	GlobalSection(ProjectConfigurationPlatforms) = postSolution
		{21079001-4072-49F3-9EAB-946D4AB4DF2E}.Debug|Any CPU.ActiveCfg = Debug|Any CPU
		{21079001-4072-49F3-9EAB-946D4AB4DF2E}.Debug|Any CPU.Build.0 = Debug|Any CPU
		{21079001-4072-49F3-9EAB-946D4AB4DF2E}.Release|Any CPU.ActiveCfg = Release|Any CPU
		{21079001-4072-49F3-9EAB-946D4AB4DF2E}.Release|Any CPU.Build.0 = Release|Any CPU
	EndGlobalSection
	GlobalSection(SolutionProperties) = preSolution
		HideSolutionNode = FALSE
	EndGlobalSection
EndGlobal
