
Microsoft Visual Studio Solution File, Format Version 10.00
# Visual Studio 2008
Project("{FAE04EC0-301F-11D3-BF4B-00C04F79EFBC}") = "Common", "Common\Common.csproj", "{009D5C96-E48C-41A8-9F11-AD4467DF8B9D}"
EndProject
Project("{FAE04EC0-301F-11D3-BF4B-00C04F79EFBC}") = "LogHandlers", "LogHandler\LogHandlers.csproj", "{406AE878-81D0-4AEF-BCA9-12AF700E5BD6}"
EndProject
Global
	GlobalSection(SourceCodeControl) = preSolution
		SccNumberOfProjects = 3
		SccLocalPath0 = .
		SccProjectUniqueName1 = Common\\Common.csproj
		SccLocalPath1 = .
		SccProjectFilePathRelativizedFromConnection1 = Common\\
		SccProjectUniqueName2 = LogHandler\\LogHandlers.csproj
		SccLocalPath2 = .
		SccProjectFilePathRelativizedFromConnection2 = LogHandler\\
	EndGlobalSection
	GlobalSection(SolutionConfigurationPlatforms) = preSolution
		Debug|Any CPU = Debug|Any CPU
		Release|Any CPU = Release|Any CPU
	EndGlobalSection
	GlobalSection(ProjectConfigurationPlatforms) = postSolution
		{009D5C96-E48C-41A8-9F11-AD4467DF8B9D}.Debug|Any CPU.ActiveCfg = Debug|Any CPU
		{009D5C96-E48C-41A8-9F11-AD4467DF8B9D}.Debug|Any CPU.Build.0 = Debug|Any CPU
		{009D5C96-E48C-41A8-9F11-AD4467DF8B9D}.Release|Any CPU.ActiveCfg = Release|Any CPU
		{009D5C96-E48C-41A8-9F11-AD4467DF8B9D}.Release|Any CPU.Build.0 = Release|Any CPU
		{406AE878-81D0-4AEF-BCA9-12AF700E5BD6}.Debug|Any CPU.ActiveCfg = Debug|Any CPU
		{406AE878-81D0-4AEF-BCA9-12AF700E5BD6}.Debug|Any CPU.Build.0 = Debug|Any CPU
		{406AE878-81D0-4AEF-BCA9-12AF700E5BD6}.Release|Any CPU.ActiveCfg = Release|Any CPU
		{406AE878-81D0-4AEF-BCA9-12AF700E5BD6}.Release|Any CPU.Build.0 = Release|Any CPU
	EndGlobalSection
	GlobalSection(SolutionProperties) = preSolution
		HideSolutionNode = FALSE
	EndGlobalSection
EndGlobal
