
Microsoft Visual Studio Solution File, Format Version 10.00
# Visual Studio 2008
Project("{FAE04EC0-301F-11D3-BF4B-00C04F79EFBC}") = "Navipro.SvensktTenn.EPI", "Navipro.SvensktTenn.EPI\Navipro.SvensktTenn.EPI.csproj", "{CCA262C5-B8E0-460C-9928-7D285200F411}"
EndProject
Global
	GlobalSection(SolutionConfigurationPlatforms) = preSolution
		Debug|Any CPU = Debug|Any CPU
		Release|Any CPU = Release|Any CPU
	EndGlobalSection
	GlobalSection(ProjectConfigurationPlatforms) = postSolution
		{CCA262C5-B8E0-460C-9928-7D285200F411}.Debug|Any CPU.ActiveCfg = Debug|Any CPU
		{CCA262C5-B8E0-460C-9928-7D285200F411}.Debug|Any CPU.Build.0 = Debug|Any CPU
		{CCA262C5-B8E0-460C-9928-7D285200F411}.Release|Any CPU.ActiveCfg = Release|Any CPU
		{CCA262C5-B8E0-460C-9928-7D285200F411}.Release|Any CPU.Build.0 = Release|Any CPU
	EndGlobalSection
	GlobalSection(SolutionProperties) = preSolution
		HideSolutionNode = FALSE
	EndGlobalSection
EndGlobal
