
Microsoft Visual Studio Solution File, Format Version 10.00
# Visual Studio 2008
Project("{FAE04EC0-301F-11D3-BF4B-00C04F79EFBC}") = "Update", "Update.csproj", "{E13B207B-87A6-4505-9F13-830CC18DD5C8}"
EndProject
Project("{B900F1C2-3D47-4FEC-85B3-04AAF18C3634}") = "UpdateSetup", "UpdateSetup\UpdateSetup.vddproj", "{731F98DF-28C7-470D-B35A-E6A0090EAFD8}"
EndProject
Global
	GlobalSection(SolutionConfigurationPlatforms) = preSolution
		Debug|Any CPU = Debug|Any CPU
		Release|Any CPU = Release|Any CPU
	EndGlobalSection
	GlobalSection(ProjectConfigurationPlatforms) = postSolution
		{E13B207B-87A6-4505-9F13-830CC18DD5C8}.Debug|Any CPU.ActiveCfg = Debug|Any CPU
		{E13B207B-87A6-4505-9F13-830CC18DD5C8}.Debug|Any CPU.Build.0 = Debug|Any CPU
		{E13B207B-87A6-4505-9F13-830CC18DD5C8}.Debug|Any CPU.Deploy.0 = Debug|Any CPU
		{E13B207B-87A6-4505-9F13-830CC18DD5C8}.Release|Any CPU.ActiveCfg = Release|Any CPU
		{E13B207B-87A6-4505-9F13-830CC18DD5C8}.Release|Any CPU.Build.0 = Release|Any CPU
		{E13B207B-87A6-4505-9F13-830CC18DD5C8}.Release|Any CPU.Deploy.0 = Release|Any CPU
		{731F98DF-28C7-470D-B35A-E6A0090EAFD8}.Debug|Any CPU.ActiveCfg = Debug
		{731F98DF-28C7-470D-B35A-E6A0090EAFD8}.Release|Any CPU.ActiveCfg = Release
	EndGlobalSection
	GlobalSection(SolutionProperties) = preSolution
		HideSolutionNode = FALSE
	EndGlobalSection
EndGlobal
