Microsoft Visual Studio Solution File, Format Version 12.00
# Visual Studio 14
VisualStudioVersion = 14.0.25420.1
MinimumVisualStudioVersion = 10.0.40219.1
Project("{E24C65DC-7377-472B-9ABA-BC803B73C61A}") = "WebAdmin", "http://dev1.navipro.se/WebAdmin/WebAdmin.csproj", "{AB09EF75-AEB7-4F1A-A9D7-0773308F7545}"
EndProject
Project("{FAE04EC0-301F-11D3-BF4B-00C04F79EFBC}") = "NavisionConnector", "NavisionConnector\NavisionConnector.csproj", "{7BBEAA0C-93BF-4222-B088-CC9A82EA690E}"
EndProject
Project("{FAE04EC0-301F-11D3-BF4B-00C04F79EFBC}") = "DataConversion", "DataConversion\DataConversion.csproj", "{9BC4FF23-FE38-40BB-A8C8-84F72964BC97}"
EndProject
Project("{FAE04EC0-301F-11D3-BF4B-00C04F79EFBC}") = "SantaMonicaCommonLib", "SantaMonicaCommonLib\SantaMonicaCommonLib.csproj", "{F55275C4-0FA0-4E4D-9FA3-A276637EF592}"
EndProject
Project("{FAE04EC0-301F-11D3-BF4B-00C04F79EFBC}") = "GoldfingerLib", "GoldfingerLib\GoldfingerLib.csproj", "{D80C7632-C91C-4012-8C46-C25261FC0818}"
EndProject
Project("{FAE04EC0-301F-11D3-BF4B-00C04F79EFBC}") = "NavisionConnectorService", "NavisionConnectorService\NavisionConnectorService.csproj", "{52290819-31B3-4ED3-BA6A-B32F456C4C8E}"
EndProject
Project("{54435603-DBB4-11D2-8724-00A0C9A8B90C}") = "NavisionConnectorSetup", "NavisionConnectorSetup\NavisionConnectorSetup.vdproj", "{AE506CA0-D144-473D-8A9A-DE9D6CE5616E}"
EndProject
Project("{20D4826A-C6FA-45DB-90F4-C717570B9F32}") = "Update", "Update\Update.csdproj", "{E13B207B-87A6-4505-9F13-830CC18DD5C8}"
	ProjectSection(ProjectDependencies) = postProject
	EndProjectSection
EndProject
Project("{20D4826A-C6FA-45DB-90F4-C717570B9F32}") = "Felicia", "Felicia\Felicia.csdproj", "{4F667D2A-4133-4EE6-99D6-11466BDEE51B}"
	ProjectSection(ProjectDependencies) = postProject
	EndProjectSection
EndProject
Project("{E24C65DC-7377-472B-9ABA-BC803B73C61A}") = "SantaMonica", "http://dev1.navipro.se/SantaMonica/SantaMonica.csproj", "{D5DE994F-B0EA-44A3-BEED-F4AFF144007C}"
	ProjectSection(ProjectDependencies) = postProject
	EndProjectSection
EndProject
Project("{FAE04EC0-301F-11D3-BF4B-00C04F79EFBC}") = "JobEngine", "JobEngine\JobEngine.csproj", "{8F0DC094-F386-46AC-94B2-D77A1C51DD9A}"
EndProject
Project("{FAE04EC0-301F-11D3-BF4B-00C04F79EFBC}") = "JobEngineConsole", "JobEngineConsole\JobEngineConsole.csproj", "{4FD75E43-689A-4BB8-B40D-E711FD93B4D7}"
EndProject
Project("{FAE04EC0-301F-11D3-BF4B-00C04F79EFBC}") = "GPSLocation", "GPSLocation\GPSLocation.csproj", "{D8233E5E-E8C7-4F16-ADCF-E7F7F402D736}"
EndProject
Project("{FAE04EC0-301F-11D3-BF4B-00C04F79EFBC}") = "ScaleControl", "ScaleControl\ScaleControl.csproj", "{A302875F-70D3-4266-AC9F-80FF9EFF0AD5}"
EndProject
Project("{FAE04EC0-301F-11D3-BF4B-00C04F79EFBC}") = "ScaleControleConsole", "ScaleControleConsole\ScaleControleConsole.csproj", "{EC29D0DC-4C14-4589-BF12-FAFC6589C558}"
EndProject
Project("{FAE04EC0-301F-11D3-BF4B-00C04F79EFBC}") = "ScaleControlService", "ScaleControlService\ScaleControlService.csproj", "{9CED7CBF-17C7-4984-A791-CA975B894D76}"
EndProject
Project("{54435603-DBB4-11D2-8724-00A0C9A8B90C}") = "ScaleControlSetup", "ScaleControlSetup\ScaleControlSetup.vdproj", "{F5E7F7EF-76FB-4752-97B1-AB49525CD3CE}"
EndProject
Project("{E24C65DC-7377-472B-9ABA-BC803B73C61A}") = "sltcustomer", "http://dev1.navipro.se/sltcustomer/sltcustomer.csproj", "{1E95FB3E-0E77-4063-BC4E-1FF0502AA833}"
EndProject
Global
	GlobalSection(SolutionConfigurationPlatforms) = preSolution
		Debug|Any CPU = Debug|Any CPU
		Release|Any CPU = Release|Any CPU
	EndGlobalSection
	GlobalSection(ProjectConfigurationPlatforms) = postSolution
		{AB09EF75-AEB7-4F1A-A9D7-0773308F7545}.Debug|Any CPU.ActiveCfg = Debug|.NET
		{AB09EF75-AEB7-4F1A-A9D7-0773308F7545}.Release|Any CPU.ActiveCfg = Release|.NET
		{7BBEAA0C-93BF-4222-B088-CC9A82EA690E}.Debug|Any CPU.ActiveCfg = Debug|Any CPU
		{7BBEAA0C-93BF-4222-B088-CC9A82EA690E}.Debug|Any CPU.Build.0 = Debug|Any CPU
		{7BBEAA0C-93BF-4222-B088-CC9A82EA690E}.Release|Any CPU.ActiveCfg = Release|Any CPU
		{7BBEAA0C-93BF-4222-B088-CC9A82EA690E}.Release|Any CPU.Build.0 = Release|Any CPU
		{9BC4FF23-FE38-40BB-A8C8-84F72964BC97}.Debug|Any CPU.ActiveCfg = Debug|Any CPU
		{9BC4FF23-FE38-40BB-A8C8-84F72964BC97}.Debug|Any CPU.Build.0 = Debug|Any CPU
		{9BC4FF23-FE38-40BB-A8C8-84F72964BC97}.Release|Any CPU.ActiveCfg = Release|Any CPU
		{9BC4FF23-FE38-40BB-A8C8-84F72964BC97}.Release|Any CPU.Build.0 = Release|Any CPU
		{F55275C4-0FA0-4E4D-9FA3-A276637EF592}.Debug|Any CPU.ActiveCfg = Debug|Any CPU
		{F55275C4-0FA0-4E4D-9FA3-A276637EF592}.Debug|Any CPU.Build.0 = Debug|Any CPU
		{F55275C4-0FA0-4E4D-9FA3-A276637EF592}.Release|Any CPU.ActiveCfg = Release|Any CPU
		{F55275C4-0FA0-4E4D-9FA3-A276637EF592}.Release|Any CPU.Build.0 = Release|Any CPU
		{D80C7632-C91C-4012-8C46-C25261FC0818}.Debug|Any CPU.ActiveCfg = Debug|Any CPU
		{D80C7632-C91C-4012-8C46-C25261FC0818}.Debug|Any CPU.Build.0 = Debug|Any CPU
		{D80C7632-C91C-4012-8C46-C25261FC0818}.Release|Any CPU.ActiveCfg = Release|Any CPU
		{D80C7632-C91C-4012-8C46-C25261FC0818}.Release|Any CPU.Build.0 = Release|Any CPU
		{52290819-31B3-4ED3-BA6A-B32F456C4C8E}.Debug|Any CPU.ActiveCfg = Debug|Any CPU
		{52290819-31B3-4ED3-BA6A-B32F456C4C8E}.Debug|Any CPU.Build.0 = Debug|Any CPU
		{52290819-31B3-4ED3-BA6A-B32F456C4C8E}.Release|Any CPU.ActiveCfg = Release|Any CPU
		{52290819-31B3-4ED3-BA6A-B32F456C4C8E}.Release|Any CPU.Build.0 = Release|Any CPU
		{AE506CA0-D144-473D-8A9A-DE9D6CE5616E}.Debug|Any CPU.ActiveCfg = Debug
		{AE506CA0-D144-473D-8A9A-DE9D6CE5616E}.Release|Any CPU.ActiveCfg = Release
		{E13B207B-87A6-4505-9F13-830CC18DD5C8}.Debug|Any CPU.ActiveCfg = Debug|Pocket PC
		{E13B207B-87A6-4505-9F13-830CC18DD5C8}.Release|Any CPU.ActiveCfg = Release|Pocket PC
		{4F667D2A-4133-4EE6-99D6-11466BDEE51B}.Debug|Any CPU.ActiveCfg = Debug|Pocket PC
		{4F667D2A-4133-4EE6-99D6-11466BDEE51B}.Release|Any CPU.ActiveCfg = Release|Pocket PC
		{D5DE994F-B0EA-44A3-BEED-F4AFF144007C}.Debug|Any CPU.ActiveCfg = Debug|.NET
		{D5DE994F-B0EA-44A3-BEED-F4AFF144007C}.Release|Any CPU.ActiveCfg = Release|.NET
		{8F0DC094-F386-46AC-94B2-D77A1C51DD9A}.Debug|Any CPU.ActiveCfg = Debug|Any CPU
		{8F0DC094-F386-46AC-94B2-D77A1C51DD9A}.Debug|Any CPU.Build.0 = Debug|Any CPU
		{8F0DC094-F386-46AC-94B2-D77A1C51DD9A}.Release|Any CPU.ActiveCfg = Release|Any CPU
		{8F0DC094-F386-46AC-94B2-D77A1C51DD9A}.Release|Any CPU.Build.0 = Release|Any CPU
		{4FD75E43-689A-4BB8-B40D-E711FD93B4D7}.Debug|Any CPU.ActiveCfg = Debug|Any CPU
		{4FD75E43-689A-4BB8-B40D-E711FD93B4D7}.Debug|Any CPU.Build.0 = Debug|Any CPU
		{4FD75E43-689A-4BB8-B40D-E711FD93B4D7}.Release|Any CPU.ActiveCfg = Release|Any CPU
		{4FD75E43-689A-4BB8-B40D-E711FD93B4D7}.Release|Any CPU.Build.0 = Release|Any CPU
		{D8233E5E-E8C7-4F16-ADCF-E7F7F402D736}.Debug|Any CPU.ActiveCfg = Debug|Any CPU
		{D8233E5E-E8C7-4F16-ADCF-E7F7F402D736}.Debug|Any CPU.Build.0 = Debug|Any CPU
		{D8233E5E-E8C7-4F16-ADCF-E7F7F402D736}.Release|Any CPU.ActiveCfg = Release|Any CPU
		{D8233E5E-E8C7-4F16-ADCF-E7F7F402D736}.Release|Any CPU.Build.0 = Release|Any CPU
		{A302875F-70D3-4266-AC9F-80FF9EFF0AD5}.Debug|Any CPU.ActiveCfg = Debug|Any CPU
		{A302875F-70D3-4266-AC9F-80FF9EFF0AD5}.Debug|Any CPU.Build.0 = Debug|Any CPU
		{A302875F-70D3-4266-AC9F-80FF9EFF0AD5}.Release|Any CPU.ActiveCfg = Release|Any CPU
		{A302875F-70D3-4266-AC9F-80FF9EFF0AD5}.Release|Any CPU.Build.0 = Release|Any CPU
		{EC29D0DC-4C14-4589-BF12-FAFC6589C558}.Debug|Any CPU.ActiveCfg = Debug|Any CPU
		{EC29D0DC-4C14-4589-BF12-FAFC6589C558}.Debug|Any CPU.Build.0 = Debug|Any CPU
		{EC29D0DC-4C14-4589-BF12-FAFC6589C558}.Release|Any CPU.ActiveCfg = Release|Any CPU
		{EC29D0DC-4C14-4589-BF12-FAFC6589C558}.Release|Any CPU.Build.0 = Release|Any CPU
		{9CED7CBF-17C7-4984-A791-CA975B894D76}.Debug|Any CPU.ActiveCfg = Debug|Any CPU
		{9CED7CBF-17C7-4984-A791-CA975B894D76}.Debug|Any CPU.Build.0 = Debug|Any CPU
		{9CED7CBF-17C7-4984-A791-CA975B894D76}.Release|Any CPU.ActiveCfg = Release|Any CPU
		{9CED7CBF-17C7-4984-A791-CA975B894D76}.Release|Any CPU.Build.0 = Release|Any CPU
		{F5E7F7EF-76FB-4752-97B1-AB49525CD3CE}.Debug|Any CPU.ActiveCfg = Debug
		{F5E7F7EF-76FB-4752-97B1-AB49525CD3CE}.Release|Any CPU.ActiveCfg = Release
		{1E95FB3E-0E77-4063-BC4E-1FF0502AA833}.Debug|Any CPU.ActiveCfg = Debug|.NET
		{1E95FB3E-0E77-4063-BC4E-1FF0502AA833}.Release|Any CPU.ActiveCfg = Release|.NET
	EndGlobalSection
	GlobalSection(SolutionProperties) = preSolution
		HideSolutionNode = FALSE
	EndGlobalSection
EndGlobal
