
Microsoft Visual Studio Solution File, Format Version 10.00
# Visual Studio 2008
Project("{B900F1C2-3D47-4FEC-85B3-04AAF18C3634}") = "SmartManixSetupCAB", "SmartManixSetupCAB\SmartManixSetupCAB.vddproj", "{A0DF09A6-BB66-44C1-ABC6-A26D7B7DFA33}"
EndProject
Project("{FAE04EC0-301F-11D3-BF4B-00C04F79EFBC}") = "SmartManix", "SmartManix\SmartManix.csproj", "{BBFF70E2-1CEE-4C08-89FE-B12818C31E42}"
EndProject
Global
	GlobalSection(SolutionConfigurationPlatforms) = preSolution
		Debug|Any CPU = Debug|Any CPU
		Release|Any CPU = Release|Any CPU
	EndGlobalSection
	GlobalSection(ProjectConfigurationPlatforms) = postSolution
		{A0DF09A6-BB66-44C1-ABC6-A26D7B7DFA33}.Debug|Any CPU.ActiveCfg = Debug
		{A0DF09A6-BB66-44C1-ABC6-A26D7B7DFA33}.Release|Any CPU.ActiveCfg = Release
		{BBFF70E2-1CEE-4C08-89FE-B12818C31E42}.Debug|Any CPU.ActiveCfg = Debug|Any CPU
		{BBFF70E2-1CEE-4C08-89FE-B12818C31E42}.Debug|Any CPU.Build.0 = Debug|Any CPU
		{BBFF70E2-1CEE-4C08-89FE-B12818C31E42}.Debug|Any CPU.Deploy.0 = Debug|Any CPU
		{BBFF70E2-1CEE-4C08-89FE-B12818C31E42}.Release|Any CPU.ActiveCfg = Release|Any CPU
		{BBFF70E2-1CEE-4C08-89FE-B12818C31E42}.Release|Any CPU.Build.0 = Release|Any CPU
		{BBFF70E2-1CEE-4C08-89FE-B12818C31E42}.Release|Any CPU.Deploy.0 = Release|Any CPU
	EndGlobalSection
	GlobalSection(SolutionProperties) = preSolution
		HideSolutionNode = FALSE
	EndGlobalSection
EndGlobal
