
Microsoft Visual Studio Solution File, Format Version 12.00
# Visual Studio 14
VisualStudioVersion = 14.0.25420.1
MinimumVisualStudioVersion = 10.0.40219.1
Project("{FAE04EC0-301F-11D3-BF4B-00C04F79EFBC}") = "Api", "Api\Api.csproj", "{91700583-4E43-4BA7-A7C9-F6F97B2886D2}"
EndProject
Project("{FAE04EC0-301F-11D3-BF4B-00C04F79EFBC}") = "TestConsole", "TestConsole\TestConsole.csproj", "{8750DFD6-6216-4B25-9207-5F80389CA809}"
EndProject
Global
	GlobalSection(SolutionConfigurationPlatforms) = preSolution
		Debug|Any CPU = Debug|Any CPU
		Release|Any CPU = Release|Any CPU
	EndGlobalSection
	GlobalSection(ProjectConfigurationPlatforms) = postSolution
		{91700583-4E43-4BA7-A7C9-F6F97B2886D2}.Debug|Any CPU.ActiveCfg = Debug|Any CPU
		{91700583-4E43-4BA7-A7C9-F6F97B2886D2}.Debug|Any CPU.Build.0 = Debug|Any CPU
		{91700583-4E43-4BA7-A7C9-F6F97B2886D2}.Release|Any CPU.ActiveCfg = Release|Any CPU
		{91700583-4E43-4BA7-A7C9-F6F97B2886D2}.Release|Any CPU.Build.0 = Release|Any CPU
		{8750DFD6-6216-4B25-9207-5F80389CA809}.Debug|Any CPU.ActiveCfg = Debug|Any CPU
		{8750DFD6-6216-4B25-9207-5F80389CA809}.Debug|Any CPU.Build.0 = Debug|Any CPU
		{8750DFD6-6216-4B25-9207-5F80389CA809}.Release|Any CPU.ActiveCfg = Release|Any CPU
		{8750DFD6-6216-4B25-9207-5F80389CA809}.Release|Any CPU.Build.0 = Release|Any CPU
	EndGlobalSection
	GlobalSection(SolutionProperties) = preSolution
		HideSolutionNode = FALSE
	EndGlobalSection
EndGlobal
