
Microsoft Visual Studio Solution File, Format Version 12.00
# Visual Studio Version 16
VisualStudioVersion = 16.0.29009.5
MinimumVisualStudioVersion = 10.0.40219.1
Project("{9A19103F-16F7-4668-BE54-9A1E7A4F7556}") = "Service", "Service\Service.csproj", "{6CFCD144-E0A1-4A84-A8A3-0DFE625BB092}"
EndProject
Project("{FAE04EC0-301F-11D3-BF4B-00C04F79EFBC}") = "WindowsService", "WindowsService\WindowsService.csproj", "{42794BA3-4D2B-45F3-AE80-A4E2720A72A2}"
EndProject
Project("{9A19103F-16F7-4668-BE54-9A1E7A4F7556}") = "ClientLibrary", "ClientLibrary\ClientLibrary.csproj", "{0C078CCD-37B6-49A9-AEDA-A2FDACD4486B}"
EndProject
Project("{9A19103F-16F7-4668-BE54-9A1E7A4F7556}") = "ClientConsoleApp", "ClientConsoleApp\ClientConsoleApp.csproj", "{984B02FD-A591-4C7B-9AFF-C367840B7D16}"
EndProject
Project("{FAE04EC0-301F-11D3-BF4B-00C04F79EFBC}") = "ClassLibrary1", "ClassLibrary1\ClassLibrary1.csproj", "{0834B2D2-11A0-499D-80FD-4D0D2859BD2E}"
EndProject
Global
	GlobalSection(SolutionConfigurationPlatforms) = preSolution
		Debug|Any CPU = Debug|Any CPU
		Release|Any CPU = Release|Any CPU
	EndGlobalSection
	GlobalSection(ProjectConfigurationPlatforms) = postSolution
		{6CFCD144-E0A1-4A84-A8A3-0DFE625BB092}.Debug|Any CPU.ActiveCfg = Debug|Any CPU
		{6CFCD144-E0A1-4A84-A8A3-0DFE625BB092}.Debug|Any CPU.Build.0 = Debug|Any CPU
		{6CFCD144-E0A1-4A84-A8A3-0DFE625BB092}.Release|Any CPU.ActiveCfg = Release|Any CPU
		{6CFCD144-E0A1-4A84-A8A3-0DFE625BB092}.Release|Any CPU.Build.0 = Release|Any CPU
		{42794BA3-4D2B-45F3-AE80-A4E2720A72A2}.Debug|Any CPU.ActiveCfg = Debug|Any CPU
		{42794BA3-4D2B-45F3-AE80-A4E2720A72A2}.Debug|Any CPU.Build.0 = Debug|Any CPU
		{42794BA3-4D2B-45F3-AE80-A4E2720A72A2}.Release|Any CPU.ActiveCfg = Release|Any CPU
		{42794BA3-4D2B-45F3-AE80-A4E2720A72A2}.Release|Any CPU.Build.0 = Release|Any CPU
		{0C078CCD-37B6-49A9-AEDA-A2FDACD4486B}.Debug|Any CPU.ActiveCfg = Debug|Any CPU
		{0C078CCD-37B6-49A9-AEDA-A2FDACD4486B}.Debug|Any CPU.Build.0 = Debug|Any CPU
		{0C078CCD-37B6-49A9-AEDA-A2FDACD4486B}.Release|Any CPU.ActiveCfg = Release|Any CPU
		{0C078CCD-37B6-49A9-AEDA-A2FDACD4486B}.Release|Any CPU.Build.0 = Release|Any CPU
		{984B02FD-A591-4C7B-9AFF-C367840B7D16}.Debug|Any CPU.ActiveCfg = Debug|Any CPU
		{984B02FD-A591-4C7B-9AFF-C367840B7D16}.Debug|Any CPU.Build.0 = Debug|Any CPU
		{984B02FD-A591-4C7B-9AFF-C367840B7D16}.Release|Any CPU.ActiveCfg = Release|Any CPU
		{984B02FD-A591-4C7B-9AFF-C367840B7D16}.Release|Any CPU.Build.0 = Release|Any CPU
		{0834B2D2-11A0-499D-80FD-4D0D2859BD2E}.Debug|Any CPU.ActiveCfg = Debug|Any CPU
		{0834B2D2-11A0-499D-80FD-4D0D2859BD2E}.Debug|Any CPU.Build.0 = Debug|Any CPU
		{0834B2D2-11A0-499D-80FD-4D0D2859BD2E}.Release|Any CPU.ActiveCfg = Release|Any CPU
		{0834B2D2-11A0-499D-80FD-4D0D2859BD2E}.Release|Any CPU.Build.0 = Release|Any CPU
	EndGlobalSection
	GlobalSection(SolutionProperties) = preSolution
		HideSolutionNode = FALSE
	EndGlobalSection
	GlobalSection(ExtensibilityGlobals) = postSolution
		SolutionGuid = {D76E3E95-1365-4D88-9006-83EA5565BC05}
	EndGlobalSection
EndGlobal
