
Microsoft Visual Studio Solution File, Format Version 12.00
# Visual Studio 14
VisualStudioVersion = 14.0.25420.1
MinimumVisualStudioVersion = 10.0.40219.1
Project("{FAE04EC0-301F-11D3-BF4B-00C04F79EFBC}") = "PrinterTCPJobLibrary", "PrinterTCPJobLibrary\PrinterTCPJobLibrary.csproj", "{4675438F-D50F-47F7-993A-C7DEE7FE3E91}"
EndProject
Project("{FAE04EC0-301F-11D3-BF4B-00C04F79EFBC}") = "PrintJobConsole", "PrintJobConsole\PrintJobConsole.csproj", "{539D80E3-7FA2-4315-8590-69CCDB0DD9E7}"
EndProject
Global
	GlobalSection(SolutionConfigurationPlatforms) = preSolution
		Debug|Any CPU = Debug|Any CPU
		Release|Any CPU = Release|Any CPU
	EndGlobalSection
	GlobalSection(ProjectConfigurationPlatforms) = postSolution
		{4675438F-D50F-47F7-993A-C7DEE7FE3E91}.Debug|Any CPU.ActiveCfg = Debug|Any CPU
		{4675438F-D50F-47F7-993A-C7DEE7FE3E91}.Debug|Any CPU.Build.0 = Debug|Any CPU
		{4675438F-D50F-47F7-993A-C7DEE7FE3E91}.Release|Any CPU.ActiveCfg = Release|Any CPU
		{4675438F-D50F-47F7-993A-C7DEE7FE3E91}.Release|Any CPU.Build.0 = Release|Any CPU
		{539D80E3-7FA2-4315-8590-69CCDB0DD9E7}.Debug|Any CPU.ActiveCfg = Debug|Any CPU
		{539D80E3-7FA2-4315-8590-69CCDB0DD9E7}.Debug|Any CPU.Build.0 = Debug|Any CPU
		{539D80E3-7FA2-4315-8590-69CCDB0DD9E7}.Release|Any CPU.ActiveCfg = Release|Any CPU
		{539D80E3-7FA2-4315-8590-69CCDB0DD9E7}.Release|Any CPU.Build.0 = Release|Any CPU
	EndGlobalSection
	GlobalSection(SolutionProperties) = preSolution
		HideSolutionNode = FALSE
	EndGlobalSection
EndGlobal
